// !$*UTF8*$!
{
	archiveVersion = 1;
	classes = {
	};
	objectVersion = 46;
	objects = {

/* Begin PBXBuildFile section */
		68DBCB021BD5F92D0002611E /* main.m in Sources */ = {isa = PBXBuildFile; fileRef = 68DBCB011BD5F92D0002611E /* main.m */; };
		68DBCB051BD5F92D0002611E /* AppDelegate.m in Sources */ = {isa = PBXBuildFile; fileRef = 68DBCB041BD5F92D0002611E /* AppDelegate.m */; };
		68DBCB081BD5F92D0002611E /* ViewController.m in Sources */ = {isa = PBXBuildFile; fileRef = 68DBCB071BD5F92D0002611E /* ViewController.m */; };
		68DBCB0B1BD5F92D0002611E /* Main.storyboard in Resources */ = {isa = PBXBuildFile; fileRef = 68DBCB091BD5F92D0002611E /* Main.storyboard */; };
		68DBCB0D1BD5F92D0002611E /* Images.xcassets in Resources */ = {isa = PBXBuildFile; fileRef = 68DBCB0C1BD5F92D0002611E /* Images.xcassets */; };
		68DBCB101BD5F92D0002611E /* LaunchScreen.xib in Resources */ = {isa = PBXBuildFile; fileRef = 68DBCB0E1BD5F92D0002611E /* LaunchScreen.xib */; };
		68DBCB1C1BD5F92D0002611E /* v2ex_iPhoneTests.m in Sources */ = {isa = PBXBuildFile; fileRef = 68DBCB1B1BD5F92D0002611E /* v2ex_iPhoneTests.m */; };
/* End PBXBuildFile section */

/* Begin PBXContainerItemProxy section */
		68DBCB161BD5F92D0002611E /* PBXContainerItemProxy */ = {
			isa = PBXContainerItemProxy;
			containerPortal = 68DBCAF41BD5F92D0002611E /* Project object */;
			proxyType = 1;
			remoteGlobalIDString = 68DBCAFB1BD5F92D0002611E;
			remoteInfo = "v2ex-iPhone";
		};
/* End PBXContainerItemProxy section */

/* Begin PBXFileReference section */
		68DBCAFC1BD5F92D0002611E /* v2ex-iPhone.app */ = {isa = PBXFileReference; explicitFileType = wrapper.application; includeInIndex = 0; path = "v2ex-iPhone.app"; sourceTree = BUILT_PRODUCTS_DIR; };
		68DBCB001BD5F92D0002611E /* Info.plist */ = {isa = PBXFileReference; lastKnownFileType = text.plist.xml; path = Info.plist; sourceTree = "<group>"; };
		68DBCB011BD5F92D0002611E /* main.m */ = {isa = PBXFileReference; lastKnownFileType = sourcecode.c.objc; path = main.m; sourceTree = "<group>"; };
		68DBCB031BD5F92D0002611E /* AppDelegate.h */ = {isa = PBXFileReference; lastKnownFileType = sourcecode.c.h; path = AppDelegate.h; sourceTree = "<group>"; };
		68DBCB041BD5F92D0002611E /* AppDelegate.m */ = {isa = PBXFileReference; lastKnownFileType = sourcecode.c.objc; path = AppDelegate.m; sourceTree = "<group>"; };
		68DBCB061BD5F92D0002611E /* ViewController.h */ = {isa = PBXFileReference; lastKnownFileType = sourcecode.c.h; path = ViewController.h; sourceTree = "<group>"; };
		68DBCB071BD5F92D0002611E /* ViewController.m */ = {isa = PBXFileReference; lastKnownFileType = sourcecode.c.objc; path = ViewController.m; sourceTree = "<group>"; };
		68DBCB0A1BD5F92D0002611E /* Base */ = {isa = PBXFileReference; lastKnownFileType = file.storyboard; name = Base; path = Base.lproj/Main.storyboard; sourceTree = "<group>"; };
		68DBCB0C1BD5F92D0002611E /* Images.xcassets */ = {isa = PBXFileReference; lastKnownFileType = folder.assetcatalog; path = Images.xcassets; sourceTree = "<group>"; };
		68DBCB0F1BD5F92D0002611E /* Base */ = {isa = PBXFileReference; lastKnownFileType = file.xib; name = Base; path = Base.lproj/LaunchScreen.xib; sourceTree = "<group>"; };
		68DBCB151BD5F92D0002611E /* v2ex-iPhoneTests.xctest */ = {isa = PBXFileReference; explicitFileType = wrapper.cfbundle; includeInIndex = 0; path = "v2ex-iPhoneTests.xctest"; sourceTree = BUILT_PRODUCTS_DIR; };
		68DBCB1A1BD5F92D0002611E /* Info.plist */ = {isa = PBXFileReference; lastKnownFileType = text.plist.xml; path = Info.plist; sourceTree = "<group>"; };
		68DBCB1B1BD5F92D0002611E /* v2ex_iPhoneTests.m */ = {isa = PBXFileReference; lastKnownFileType = sourcecode.c.objc; path = v2ex_iPhoneTests.m; sourceTree = "<group>"; };
/* End PBXFileReference section */

/* Begin PBXFrameworksBuildPhase section */
		68DBCAF91BD5F92D0002611E /* Frameworks */ = {
			isa = PBXFrameworksBuildPhase;
			buildActionMask = 2147483647;
			files = (
			);
			runOnlyForDeploymentPostprocessing = 0;
		};
		68DBCB121BD5F92D0002611E /* Frameworks */ = {
			isa = PBXFrameworksBuildPhase;
			buildActionMask = 2147483647;
			files = (
			);
			runOnlyForDeploymentPostprocessing = 0;
		};
/* End PBXFrameworksBuildPhase section */

/* Begin PBXGroup section */
		68DBCAF31BD5F92D0002611E = {
			isa = PBXGroup;
			children = (
				68DBCAFE1BD5F92D0002611E /* v2ex-iPhone */,
				68DBCB181BD5F92D0002611E /* v2ex-iPhoneTests */,
				68DBCAFD1BD5F92D0002611E /* Products */,
			);
			sourceTree = "<group>";
		};
		68DBCAFD1BD5F92D0002611E /* Products */ = {
			isa = PBXGroup;
			children = (
				68DBCAFC1BD5F92D0002611E /* v2ex-iPhone.app */,
				68DBCB151BD5F92D0002611E /* v2ex-iPhoneTests.xctest */,
			);
			name = Products;
			sourceTree = "<group>";
		};
		68DBCAFE1BD5F92D0002611E /* v2ex-iPhone */ = {
			isa = PBXGroup;
			children = (
				68DBCB031BD5F92D0002611E /* AppDelegate.h */,
				68DBCB041BD5F92D0002611E /* AppDelegate.m */,
				68DBCB061BD5F92D0002611E /* ViewController.h */,
				68DBCB071BD5F92D0002611E /* ViewController.m */,
				68DBCB091BD5F92D0002611E /* Main.storyboard */,
				68DBCB0C1BD5F92D0002611E /* Images.xcassets */,
				68DBCB0E1BD5F92D0002611E /* LaunchScreen.xib */,
				68DBCAFF1BD5F92D0002611E /* Supporting Files */,
			);
			path = "v2ex-iPhone";
			sourceTree = "<group>";
		};
		68DBCAFF1BD5F92D0002611E /* Supporting Files */ = {
			isa = PBXGroup;
			children = (
				68DBCB001BD5F92D0002611E /* Info.plist */,
				68DBCB011BD5F92D0002611E /* main.m */,
			);
			name = "Supporting Files";
			sourceTree = "<group>";
		};
		68DBCB181BD5F92D0002611E /* v2ex-iPhoneTests */ = {
			isa = PBXGroup;
			children = (
				68DBCB1B1BD5F92D0002611E /* v2ex_iPhoneTests.m */,
				68DBCB191BD5F92D0002611E /* Supporting Files */,
			);
			path = "v2ex-iPhoneTests";
			sourceTree = "<group>";
		};
		68DBCB191BD5F92D0002611E /* Supporting Files */ = {
			isa = PBXGroup;
			children = (
				68DBCB1A1BD5F92D0002611E /* Info.plist */,
			);
			name = "Supporting Files";
			sourceTree = "<group>";
		};
/* End PBXGroup section */

/* Begin PBXNativeTarget section */
		68DBCAFB1BD5F92D0002611E /* v2ex-iPhone */ = {
			isa = PBXNativeTarget;
			buildConfigurationList = 68DBCB1F1BD5F92D0002611E /* Build configuration list for PBXNativeTarget "v2ex-iPhone" */;
			buildPhases = (
				68DBCAF81BD5F92D0002611E /* Sources */,
				68DBCAF91BD5F92D0002611E /* Frameworks */,
				68DBCAFA1BD5F92D0002611E /* Resources */,
			);
			buildRules = (
			);
			dependencies = (
			);
			name = "v2ex-iPhone";
			productName = "v2ex-iPhone";
			productReference = 68DBCAFC1BD5F92D0002611E /* v2ex-iPhone.app */;
			productType = "com.apple.product-type.application";
		};
		68DBCB141BD5F92D0002611E /* v2ex-iPhoneTests */ = {
			isa = PBXNativeTarget;
			buildConfigurationList = 68DBCB221BD5F92D0002611E /* Build configuration list for PBXNativeTarget "v2ex-iPhoneTests" */;
			buildPhases = (
				68DBCB111BD5F92D0002611E /* Sources */,
				68DBCB121BD5F92D0002611E /* Frameworks */,
				68DBCB131BD5F92D0002611E /* Resources */,
			);
			buildRules = (
			);
			dependencies = (
				68DBCB171BD5F92D0002611E /* PBXTargetDependency */,
			);
			name = "v2ex-iPhoneTests";
			productName = "v2ex-iPhoneTests";
			productReference = 68DBCB151BD5F92D0002611E /* v2ex-iPhoneTests.xctest */;
			productType = "com.apple.product-type.bundle.unit-test";
		};
/* End PBXNativeTarget section */

/* Begin PBXProject section */
		68DBCAF41BD5F92D0002611E /* Project object */ = {
			isa = PBXProject;
			attributes = {
				LastUpgradeCheck = 0640;
				ORGANIZATIONNAME = wuhao;
				TargetAttributes = {
					68DBCAFB1BD5F92D0002611E = {
						CreatedOnToolsVersion = 6.4;
					};
					68DBCB141BD5F92D0002611E = {
						CreatedOnToolsVersion = 6.4;
						TestTargetID = 68DBCAFB1BD5F92D0002611E;
					};
				};
			};
			buildConfigurationList = 68DBCAF71BD5F92D0002611E /* Build configuration list for PBXProject "v2ex-iPhone" */;
			compatibilityVersion = "Xcode 3.2";
			developmentRegion = English;
			hasScannedForEncodings = 0;
			knownRegions = (
				en,
				Base,
			);
			mainGroup = 68DBCAF31BD5F92D0002611E;
			productRefGroup = 68DBCAFD1BD5F92D0002611E /* Products */;
			projectDirPath = "";
			projectRoot = "";
			targets = (
				68DBCAFB1BD5F92D0002611E /* v2ex-iPhone */,
				68DBCB141BD5F92D0002611E /* v2ex-iPhoneTests */,
			);
		};
/* End PBXProject section */

/* Begin PBXResourcesBuildPhase section */
		68DBCAFA1BD5F92D0002611E /* Resources */ = {
			isa = PBXResourcesBuildPhase;
			buildActionMask = 2147483647;
			files = (
				68DBCB0B1BD5F92D0002611E /* Main.storyboard in Resources */,
				68DBCB101BD5F92D0002611E /* LaunchScreen.xib in Resources */,
				68DBCB0D1BD5F92D0002611E /* Images.xcassets in Resources */,
			);
			runOnlyForDeploymentPostprocessing = 0;
		};
		68DBCB131BD5F92D0002611E /* Resources */ = {
			isa = PBXResourcesBuildPhase;
			buildActionMask = 2147483647;
			files = (
			);
			runOnlyForDeploymentPostprocessing = 0;
		};
/* End PBXResourcesBuildPhase section */

/* Begin PBXSourcesBuildPhase section */
		68DBCAF81BD5F92D0002611E /* Sources */ = {
			isa = PBXSourcesBuildPhase;
			buildActionMask = 2147483647;
			files = (
				68DBCB081BD5F92D0002611E /* ViewController.m in Sources */,
				68DBCB051BD5F92D0002611E /* AppDelegate.m in Sources */,
				68DBCB021BD5F92D0002611E /* main.m in Sources */,
			);
			runOnlyForDeploymentPostprocessing = 0;
		};
		68DBCB111BD5F92D0002611E /* Sources */ = {
			isa = PBXSourcesBuildPhase;
			buildActionMask = 2147483647;
			files = (
				68DBCB1C1BD5F92D0002611E /* v2ex_iPhoneTests.m in Sources */,
			);
			runOnlyForDeploymentPostprocessing = 0;
		};
/* End PBXSourcesBuildPhase section */

/* Begin PBXTargetDependency section */
		68DBCB171BD5F92D0002611E /* PBXTargetDependency */ = {
			isa = PBXTargetDependency;
			target = 68DBCAFB1BD5F92D0002611E /* v2ex-iPhone */;
			targetProxy = 68DBCB161BD5F92D0002611E /* PBXContainerItemProxy */;
		};
/* End PBXTargetDependency section */

/* Begin PBXVariantGroup section */
		68DBCB091BD5F92D0002611E /* Main.storyboard */ = {
			isa = PBXVariantGroup;
			children = (
				68DBCB0A1BD5F92D0002611E /* Base */,
			);
			name = Main.storyboard;
			sourceTree = "<group>";
		};
		68DBCB0E1BD5F92D0002611E /* LaunchScreen.xib */ = {
			isa = PBXVariantGroup;
			children = (
				68DBCB0F1BD5F92D0002611E /* Base */,
			);
			name = LaunchScreen.xib;
			sourceTree = "<group>";
		};
/* End PBXVariantGroup section */

/* Begin XCBuildConfiguration section */
		68DBCB1D1BD5F92D0002611E /* Debug */ = {
			isa = XCBuildConfiguration;
			buildSettings = {
				ALWAYS_SEARCH_USER_PATHS = NO;
				CLANG_CXX_LANGUAGE_STANDARD = "gnu++0x";
				CLANG_CXX_LIBRARY = "libc++";
				CLANG_ENABLE_MODULES = YES;
				CLANG_ENABLE_OBJC_ARC = YES;
				CLANG_WARN_BOOL_CONVERSION = YES;
				CLANG_WARN_CONSTANT_CONVERSION = YES;
				CLANG_WARN_DIRECT_OBJC_ISA_USAGE = YES_ERROR;
				CLANG_WARN_EMPTY_BODY = YES;
				CLANG_WARN_ENUM_CONVERSION = YES;
				CLANG_WARN_INT_CONVERSION = YES;
				CLANG_WARN_OBJC_ROOT_CLASS = YES_ERROR;
				CLANG_WARN_UNREACHABLE_CODE = YES;
				CLANG_WARN__DUPLICATE_METHOD_MATCH = YES;
				"CODE_SIGN_IDENTITY[sdk=iphoneos*]" = "iPhone Developer";
				COPY_PHASE_STRIP = NO;
				DEBUG_INFORMATION_FORMAT = "dwarf-with-dsym";
				ENABLE_STRICT_OBJC_MSGSEND = YES;
				GCC_C_LANGUAGE_STANDARD = gnu99;
				GCC_DYNAMIC_NO_PIC = NO;
				GCC_NO_COMMON_BLOCKS = YES;
				GCC_OPTIMIZATION_LEVEL = 0;
				GCC_PREPROCESSOR_DEFINITIONS = (
					"DEBUG=1",
					"$(inherited)",
				);
				GCC_SYMBOLS_PRIVATE_EXTERN = NO;
				GCC_WARN_64_TO_32_BIT_CONVERSION = YES;
				GCC_WARN_ABOUT_RETURN_TYPE = YES_ERROR;
				GCC_WARN_UNDECLARED_SELECTOR = YES;
				GCC_WARN_UNINITIALIZED_AUTOS = YES_AGGRESSIVE;
				GCC_WARN_UNUSED_FUNCTION = YES;
				GCC_WARN_UNUSED_VARIABLE = YES;
				IPHONEOS_DEPLOYMENT_TARGET = 8.4;
				MTL_ENABLE_DEBUG_INFO = YES;
				ONLY_ACTIVE_ARCH = YES;
				SDKROOT = iphoneos;
			};
			name = Debug;
		};
		68DBCB1E1BD5F92D0002611E /* Release */ = {
			isa = XCBuildConfiguration;
			buildSettings = {
				ALWAYS_SEARCH_USER_PATHS = NO;
				CLANG_CXX_LANGUAGE_STANDARD = "gnu++0x";
				CLANG_CXX_LIBRARY = "libc++";
				CLANG_ENABLE_MODULES = YES;
				CLANG_ENABLE_OBJC_ARC = YES;
				CLANG_WARN_BOOL_CONVERSION = YES;
				CLANG_WARN_CONSTANT_CONVERSION = YES;
				CLANG_WARN_DIRECT_OBJC_ISA_USAGE = YES_ERROR;
				CLANG_WARN_EMPTY_BODY = YES;
				CLANG_WARN_ENUM_CONVERSION = YES;
				CLANG_WARN_INT_CONVERSION = YES;
				CLANG_WARN_OBJC_ROOT_CLASS = YES_ERROR;
				CLANG_WARN_UNREACHABLE_CODE = YES;
				CLANG_WARN__DUPLICATE_METHOD_MATCH = YES;
				"CODE_SIGN_IDENTITY[sdk=iphoneos*]" = "iPhone Developer";
				COPY_PHASE_STRIP = NO;
				DEBUG_INFORMATION_FORMAT = "dwarf-with-dsym";
				ENABLE_NS_ASSERTIONS = NO;
				ENABLE_STRICT_OBJC_MSGSEND = YES;
				GCC_C_LANGUAGE_STANDARD = gnu99;
				GCC_NO_COMMON_BLOCKS = YES;
				GCC_WARN_64_TO_32_BIT_CONVERSION = YES;
				GCC_WARN_ABOUT_RETURN_TYPE = YES_ERROR;
				GCC_WARN_UNDECLARED_SELECTOR = YES;
				GCC_WARN_UNINITIALIZED_AUTOS = YES_AGGRESSIVE;
				GCC_WARN_UNUSED_FUNCTION = YES;
				GCC_WARN_UNUSED_VARIABLE = YES;
				IPHONEOS_DEPLOYMENT_TARGET = 8.4;
				MTL_ENABLE_DEBUG_INFO = NO;
				SDKROOT = iphoneos;
				VALIDATE_PRODUCT = YES;
			};
			name = Release;
		};
		68DBCB201BD5F92D0002611E /* Debug */ = {
			isa = XCBuildConfiguration;
			buildSettings = {
				ASSETCATALOG_COMPILER_APPICON_NAME = AppIcon;
				INFOPLIST_FILE = "v2ex-iPhone/Info.plist";
				LD_RUNPATH_SEARCH_PATHS = "$(inherited) @executable_path/Frameworks";
				PRODUCT_NAME = "$(TARGET_NAME)";
			};
			name = Debug;
		};
		68DBCB211BD5F92D0002611E /* Release */ = {
			isa = XCBuildConfiguration;
			buildSettings = {
				ASSETCATALOG_COMPILER_APPICON_NAME = AppIcon;
				INFOPLIST_FILE = "v2ex-iPhone/Info.plist";
				LD_RUNPATH_SEARCH_PATHS = "$(inherited) @executable_path/Frameworks";
				PRODUCT_NAME = "$(TARGET_NAME)";
			};
			name = Release;
		};
		68DBCB231BD5F92D0002611E /* Debug */ = {
			isa = XCBuildConfiguration;
			buildSettings = {
				BUNDLE_LOADER = "$(TEST_HOST)";
				FRAMEWORK_SEARCH_PATHS = (
					"$(SDKROOT)/Developer/Library/Frameworks",
					"$(inherited)",
				);
				GCC_PREPROCESSOR_DEFINITIONS = (
					"DEBUG=1",
					"$(inherited)",
				);
				INFOPLIST_FILE = "v2ex-iPhoneTests/Info.plist";
				LD_RUNPATH_SEARCH_PATHS = "$(inherited) @executable_path/Frameworks @loader_path/Frameworks";
				PRODUCT_NAME = "$(TARGET_NAME)";
				TEST_HOST = "$(BUILT_PRODUCTS_DIR)/v2ex-iPhone.app/v2ex-iPhone";
			};
			name = Debug;
		};
		68DBCB241BD5F92D0002611E /* Release */ = {
			isa = XCBuildConfiguration;
			buildSettings = {
				BUNDLE_LOADER = "$(TEST_HOST)";
				FRAMEWORK_SEARCH_PATHS = (
					"$(SDKROOT)/Developer/Library/Frameworks",
					"$(inherited)",
				);
				INFOPLIST_FILE = "v2ex-iPhoneTests/Info.plist";
				LD_RUNPATH_SEARCH_PATHS = "$(inherited) @executable_path/Frameworks @loader_path/Frameworks";
				PRODUCT_NAME = "$(TARGET_NAME)";
				TEST_HOST = "$(BUILT_PRODUCTS_DIR)/v2ex-iPhone.app/v2ex-iPhone";
			};
			name = Release;
		};
/* End XCBuildConfiguration section */

/* Begin XCConfigurationList section */
		68DBCAF71BD5F92D0002611E /* Build configuration list for PBXProject "v2ex-iPhone" */ = {
			isa = XCConfigurationList;
			buildConfigurations = (
				68DBCB1D1BD5F92D0002611E /* Debug */,
				68DBCB1E1BD5F92D0002611E /* Release */,
			);
			defaultConfigurationIsVisible = 0;
			defaultConfigurationName = Release;
		};
		68DBCB1F1BD5F92D0002611E /* Build configuration list for PBXNativeTarget "v2ex-iPhone" */ = {
			isa = XCConfigurationList;
			buildConfigurations = (
				68DBCB201BD5F92D0002611E /* Debug */,
				68DBCB211BD5F92D0002611E /* Release */,
			);
			defaultConfigurationIsVisible = 0;
		};
		68DBCB221BD5F92D0002611E /* Build configuration list for PBXNativeTarget "v2ex-iPhoneTests" */ = {
			isa = XCConfigurationList;
			buildConfigurations = (
				68DBCB231BD5F92D0002611E /* Debug */,
				68DBCB241BD5F92D0002611E /* Release */,
			);
			defaultConfigurationIsVisible = 0;
		};
/* End XCConfigurationList section */
	};
	rootObject = 68DBCAF41BD5F92D0002611E /* Project object */;
}
